// !$*UTF8*$!
{
	archiveVersion = 1;
	classes = {
	};
	objectVersion = 46;
	objects = {

/* Begin PBXBuildFile section */
		F482A9491B3D13DE00F20EBF /* AppDelegate.swift in Sources */ = {isa = PBXBuildFile; fileRef = F482A9481B3D13DE00F20EBF /* AppDelegate.swift */; };
		F482A94B1B3D13DE00F20EBF /* ViewController.swift in Sources */ = {isa = PBXBuildFile; fileRef = F482A94A1B3D13DE00F20EBF /* ViewController.swift */; };
		F482A9501B3D13DE00F20EBF /* Images.xcassets in Resources */ = {isa = PBXBuildFile; fileRef = F482A94F1B3D13DE00F20EBF /* Images.xcassets */; };
		F482A9531B3D13DE00F20EBF /* LaunchScreen.xib in Resources */ = {isa = PBXBuildFile; fileRef = F482A9511B3D13DE00F20EBF /* LaunchScreen.xib */; };
		F482A95F1B3D13DE00F20EBF /* Swift_JokeTests.swift in Sources */ = {isa = PBXBuildFile; fileRef = F482A95E1B3D13DE00F20EBF /* Swift_JokeTests.swift */; };
		F482A9691B3D3E9C00F20EBF /* MainTabBarViewController.swift in Sources */ = {isa = PBXBuildFile; fileRef = F482A9681B3D3E9C00F20EBF /* MainTabBarViewController.swift */; };
		F482A96B1B3D50FE00F20EBF /* HttpRequest.swift in Sources */ = {isa = PBXBuildFile; fileRef = F482A96A1B3D50FE00F20EBF /* HttpRequest.swift */; };
/* End PBXBuildFile section */

/* Begin PBXContainerItemProxy section */
		F482A9591B3D13DE00F20EBF /* PBXContainerItemProxy */ = {
			isa = PBXContainerItemProxy;
			containerPortal = F482A93B1B3D13DE00F20EBF /* Project object */;
			proxyType = 1;
			remoteGlobalIDString = F482A9421B3D13DE00F20EBF;
			remoteInfo = "Swift-Joke";
		};
/* End PBXContainerItemProxy section */

/* Begin PBXFileReference section */
		F482A9431B3D13DE00F20EBF /* Swift-Joke.app */ = {isa = PBXFileReference; explicitFileType = wrapper.application; includeInIndex = 0; path = "Swift-Joke.app"; sourceTree = BUILT_PRODUCTS_DIR; };
		F482A9471B3D13DE00F20EBF /* Info.plist */ = {isa = PBXFileReference; lastKnownFileType = text.plist.xml; path = Info.plist; sourceTree = "<group>"; };
		F482A9481B3D13DE00F20EBF /* AppDelegate.swift */ = {isa = PBXFileReference; lastKnownFileType = sourcecode.swift; path = AppDelegate.swift; sourceTree = "<group>"; };
		F482A94A1B3D13DE00F20EBF /* ViewController.swift */ = {isa = PBXFileReference; lastKnownFileType = sourcecode.swift; path = ViewController.swift; sourceTree = "<group>"; };
		F482A94F1B3D13DE00F20EBF /* Images.xcassets */ = {isa = PBXFileReference; lastKnownFileType = folder.assetcatalog; path = Images.xcassets; sourceTree = "<group>"; };
		F482A9521B3D13DE00F20EBF /* Base */ = {isa = PBXFileReference; lastKnownFileType = file.xib; name = Base; path = Base.lproj/LaunchScreen.xib; sourceTree = "<group>"; };
		F482A9581B3D13DE00F20EBF /* Swift-JokeTests.xctest */ = {isa = PBXFileReference; explicitFileType = wrapper.cfbundle; includeInIndex = 0; path = "Swift-JokeTests.xctest"; sourceTree = BUILT_PRODUCTS_DIR; };
		F482A95D1B3D13DE00F20EBF /* Info.plist */ = {isa = PBXFileReference; lastKnownFileType = text.plist.xml; path = Info.plist; sourceTree = "<group>"; };
		F482A95E1B3D13DE00F20EBF /* Swift_JokeTests.swift */ = {isa = PBXFileReference; lastKnownFileType = sourcecode.swift; path = Swift_JokeTests.swift; sourceTree = "<group>"; };
		F482A9681B3D3E9C00F20EBF /* MainTabBarViewController.swift */ = {isa = PBXFileReference; fileEncoding = 4; lastKnownFileType = sourcecode.swift; path = MainTabBarViewController.swift; sourceTree = "<group>"; };
		F482A96A1B3D50FE00F20EBF /* HttpRequest.swift */ = {isa = PBXFileReference; fileEncoding = 4; lastKnownFileType = sourcecode.swift; path = HttpRequest.swift; sourceTree = "<group>"; };
/* End PBXFileReference section */

/* Begin PBXFrameworksBuildPhase section */
		F482A9401B3D13DE00F20EBF /* Frameworks */ = {
			isa = PBXFrameworksBuildPhase;
			buildActionMask = 2147483647;
			files = (
			);
			runOnlyForDeploymentPostprocessing = 0;
		};
		F482A9551B3D13DE00F20EBF /* Frameworks */ = {
			isa = PBXFrameworksBuildPhase;
			buildActionMask = 2147483647;
			files = (
			);
			runOnlyForDeploymentPostprocessing = 0;
		};
/* End PBXFrameworksBuildPhase section */

/* Begin PBXGroup section */
		F482A93A1B3D13DE00F20EBF = {
			isa = PBXGroup;
			children = (
				F482A9451B3D13DE00F20EBF /* Swift-Joke */,
				F482A95B1B3D13DE00F20EBF /* Swift-JokeTests */,
				F482A9441B3D13DE00F20EBF /* Products */,
			);
			sourceTree = "<group>";
		};
		F482A9441B3D13DE00F20EBF /* Products */ = {
			isa = PBXGroup;
			children = (
				F482A9431B3D13DE00F20EBF /* Swift-Joke.app */,
				F482A9581B3D13DE00F20EBF /* Swift-JokeTests.xctest */,
			);
			name = Products;
			sourceTree = "<group>";
		};
		F482A9451B3D13DE00F20EBF /* Swift-Joke */ = {
			isa = PBXGroup;
			children = (
				F482A9681B3D3E9C00F20EBF /* MainTabBarViewController.swift */,
				F482A9481B3D13DE00F20EBF /* AppDelegate.swift */,
				F482A94A1B3D13DE00F20EBF /* ViewController.swift */,
				F482A96A1B3D50FE00F20EBF /* HttpRequest.swift */,
				F482A94F1B3D13DE00F20EBF /* Images.xcassets */,
				F482A9511B3D13DE00F20EBF /* LaunchScreen.xib */,
				F482A9461B3D13DE00F20EBF /* Supporting Files */,
			);
			path = "Swift-Joke";
			sourceTree = "<group>";
		};
		F482A9461B3D13DE00F20EBF /* Supporting Files */ = {
			isa = PBXGroup;
			children = (
				F482A9471B3D13DE00F20EBF /* Info.plist */,
			);
			name = "Supporting Files";
			sourceTree = "<group>";
		};
		F482A95B1B3D13DE00F20EBF /* Swift-JokeTests */ = {
			isa = PBXGroup;
			children = (
				F482A95E1B3D13DE00F20EBF /* Swift_JokeTests.swift */,
				F482A95C1B3D13DE00F20EBF /* Supporting Files */,
			);
			path = "Swift-JokeTests";
			sourceTree = "<group>";
		};
		F482A95C1B3D13DE00F20EBF /* Supporting Files */ = {
			isa = PBXGroup;
			children = (
				F482A95D1B3D13DE00F20EBF /* Info.plist */,
			);
			name = "Supporting Files";
			sourceTree = "<group>";
		};
/* End PBXGroup section */

/* Begin PBXNativeTarget section */
		F482A9421B3D13DE00F20EBF /* Swift-Joke */ = {
			isa = PBXNativeTarget;
			buildConfigurationList = F482A9621B3D13DE00F20EBF /* Build configuration list for PBXNativeTarget "Swift-Joke" */;
			buildPhases = (
				F482A93F1B3D13DE00F20EBF /* Sources */,
				F482A9401B3D13DE00F20EBF /* Frameworks */,
				F482A9411B3D13DE00F20EBF /* Resources */,
			);
			buildRules = (
			);
			dependencies = (
			);
			name = "Swift-Joke";
			productName = "Swift-Joke";
			productReference = F482A9431B3D13DE00F20EBF /* Swift-Joke.app */;
			productType = "com.apple.product-type.application";
		};
		F482A9571B3D13DE00F20EBF /* Swift-JokeTests */ = {
			isa = PBXNativeTarget;
			buildConfigurationList = F482A9651B3D13DE00F20EBF /* Build configuration list for PBXNativeTarget "Swift-JokeTests" */;
			buildPhases = (
				F482A9541B3D13DE00F20EBF /* Sources */,
				F482A9551B3D13DE00F20EBF /* Frameworks */,
				F482A9561B3D13DE00F20EBF /* Resources */,
			);
			buildRules = (
			);
			dependencies = (
				F482A95A1B3D13DE00F20EBF /* PBXTargetDependency */,
			);
			name = "Swift-JokeTests";
			productName = "Swift-JokeTests";
			productReference = F482A9581B3D13DE00F20EBF /* Swift-JokeTests.xctest */;
			productType = "com.apple.product-type.bundle.unit-test";
		};
/* End PBXNativeTarget section */

/* Begin PBXProject section */
		F482A93B1B3D13DE00F20EBF /* Project object */ = {
			isa = PBXProject;
			attributes = {
				LastUpgradeCheck = 0630;
				ORGANIZATIONNAME = "冰点";
				TargetAttributes = {
					F482A9421B3D13DE00F20EBF = {
						CreatedOnToolsVersion = 6.3.1;
					};
					F482A9571B3D13DE00F20EBF = {
						CreatedOnToolsVersion = 6.3.1;
						TestTargetID = F482A9421B3D13DE00F20EBF;
					};
				};
			};
			buildConfigurationList = F482A93E1B3D13DE00F20EBF /* Build configuration list for PBXProject "Swift-Joke" */;
			compatibilityVersion = "Xcode 3.2";
			developmentRegion = English;
			hasScannedForEncodings = 0;
			knownRegions = (
				en,
				Base,
			);
			mainGroup = F482A93A1B3D13DE00F20EBF;
			productRefGroup = F482A9441B3D13DE00F20EBF /* Products */;
			projectDirPath = "";
			projectRoot = "";
			targets = (
				F482A9421B3D13DE00F20EBF /* Swift-Joke */,
				F482A9571B3D13DE00F20EBF /* Swift-JokeTests */,
			);
		};
/* End PBXProject section */

/* Begin PBXResourcesBuildPhase section */
		F482A9411B3D13DE00F20EBF /* Resources */ = {
			isa = PBXResourcesBuildPhase;
			buildActionMask = 2147483647;
			files = (
				F482A9531B3D13DE00F20EBF /* LaunchScreen.xib in Resources */,
				F482A9501B3D13DE00F20EBF /* Images.xcassets in Resources */,
			);
			runOnlyForDeploymentPostprocessing = 0;
		};
		F482A9561B3D13DE00F20EBF /* Resources */ = {
			isa = PBXResourcesBuildPhase;
			buildActionMask = 2147483647;
			files = (
			);
			runOnlyForDeploymentPostprocessing = 0;
		};
/* End PBXResourcesBuildPhase section */

/* Begin PBXSourcesBuildPhase section */
		F482A93F1B3D13DE00F20EBF /* Sources */ = {
			isa = PBXSourcesBuildPhase;
			buildActionMask = 2147483647;
			files = (
				F482A9691B3D3E9C00F20EBF /* MainTabBarViewController.swift in Sources */,
				F482A96B1B3D50FE00F20EBF /* HttpRequest.swift in Sources */,
				F482A94B1B3D13DE00F20EBF /* ViewController.swift in Sources */,
				F482A9491B3D13DE00F20EBF /* AppDelegate.swift in Sources */,
			);
			runOnlyForDeploymentPostprocessing = 0;
		};
		F482A9541B3D13DE00F20EBF /* Sources */ = {
			isa = PBXSourcesBuildPhase;
			buildActionMask = 2147483647;
			files = (
				F482A95F1B3D13DE00F20EBF /* Swift_JokeTests.swift in Sources */,
			);
			runOnlyForDeploymentPostprocessing = 0;
		};
/* End PBXSourcesBuildPhase section */

/* Begin PBXTargetDependency section */
		F482A95A1B3D13DE00F20EBF /* PBXTargetDependency */ = {
			isa = PBXTargetDependency;
			target = F482A9421B3D13DE00F20EBF /* Swift-Joke */;
			targetProxy = F482A9591B3D13DE00F20EBF /* PBXContainerItemProxy */;
		};
/* End PBXTargetDependency section */

/* Begin PBXVariantGroup section */
		F482A9511B3D13DE00F20EBF /* LaunchScreen.xib */ = {
			isa = PBXVariantGroup;
			children = (
				F482A9521B3D13DE00F20EBF /* Base */,
			);
			name = LaunchScreen.xib;
			sourceTree = "<group>";
		};
/* End PBXVariantGroup section */

/* Begin XCBuildConfiguration section */
		F482A9601B3D13DE00F20EBF /* Debug */ = {
			isa = XCBuildConfiguration;
			buildSettings = {
				ALWAYS_SEARCH_USER_PATHS = NO;
				CLANG_CXX_LANGUAGE_STANDARD = "gnu++0x";
				CLANG_CXX_LIBRARY = "libc++";
				CLANG_ENABLE_MODULES = YES;
				CLANG_ENABLE_OBJC_ARC = YES;
				CLANG_WARN_BOOL_CONVERSION = YES;
				CLANG_WARN_CONSTANT_CONVERSION = YES;
				CLANG_WARN_DIRECT_OBJC_ISA_USAGE = YES_ERROR;
				CLANG_WARN_EMPTY_BODY = YES;
				CLANG_WARN_ENUM_CONVERSION = YES;
				CLANG_WARN_INT_CONVERSION = YES;
				CLANG_WARN_OBJC_ROOT_CLASS = YES_ERROR;
				CLANG_WARN_UNREACHABLE_CODE = YES;
				CLANG_WARN__DUPLICATE_METHOD_MATCH = YES;
				"CODE_SIGN_IDENTITY[sdk=iphoneos*]" = "iPhone Developer";
				COPY_PHASE_STRIP = NO;
				DEBUG_INFORMATION_FORMAT = "dwarf-with-dsym";
				ENABLE_STRICT_OBJC_MSGSEND = YES;
				GCC_C_LANGUAGE_STANDARD = gnu99;
				GCC_DYNAMIC_NO_PIC = NO;
				GCC_NO_COMMON_BLOCKS = YES;
				GCC_OPTIMIZATION_LEVEL = 0;
				GCC_PREPROCESSOR_DEFINITIONS = (
					"DEBUG=1",
					"$(inherited)",
				);
				GCC_SYMBOLS_PRIVATE_EXTERN = NO;
				GCC_WARN_64_TO_32_BIT_CONVERSION = YES;
				GCC_WARN_ABOUT_RETURN_TYPE = YES_ERROR;
				GCC_WARN_UNDECLARED_SELECTOR = YES;
				GCC_WARN_UNINITIALIZED_AUTOS = YES_AGGRESSIVE;
				GCC_WARN_UNUSED_FUNCTION = YES;
				GCC_WARN_UNUSED_VARIABLE = YES;
				IPHONEOS_DEPLOYMENT_TARGET = 8.3;
				MTL_ENABLE_DEBUG_INFO = YES;
				ONLY_ACTIVE_ARCH = YES;
				SDKROOT = iphoneos;
				SWIFT_OPTIMIZATION_LEVEL = "-Onone";
			};
			name = Debug;
		};
		F482A9611B3D13DE00F20EBF /* Release */ = {
			isa = XCBuildConfiguration;
			buildSettings = {
				ALWAYS_SEARCH_USER_PATHS = NO;
				CLANG_CXX_LANGUAGE_STANDARD = "gnu++0x";
				CLANG_CXX_LIBRARY = "libc++";
				CLANG_ENABLE_MODULES = YES;
				CLANG_ENABLE_OBJC_ARC = YES;
				CLANG_WARN_BOOL_CONVERSION = YES;
				CLANG_WARN_CONSTANT_CONVERSION = YES;
				CLANG_WARN_DIRECT_OBJC_ISA_USAGE = YES_ERROR;
				CLANG_WARN_EMPTY_BODY = YES;
				CLANG_WARN_ENUM_CONVERSION = YES;
				CLANG_WARN_INT_CONVERSION = YES;
				CLANG_WARN_OBJC_ROOT_CLASS = YES_ERROR;
				CLANG_WARN_UNREACHABLE_CODE = YES;
				CLANG_WARN__DUPLICATE_METHOD_MATCH = YES;
				"CODE_SIGN_IDENTITY[sdk=iphoneos*]" = "iPhone Developer";
				COPY_PHASE_STRIP = NO;
				DEBUG_INFORMATION_FORMAT = "dwarf-with-dsym";
				ENABLE_NS_ASSERTIONS = NO;
				ENABLE_STRICT_OBJC_MSGSEND = YES;
				GCC_C_LANGUAGE_STANDARD = gnu99;
				GCC_NO_COMMON_BLOCKS = YES;
				GCC_WARN_64_TO_32_BIT_CONVERSION = YES;
				GCC_WARN_ABOUT_RETURN_TYPE = YES_ERROR;
				GCC_WARN_UNDECLARED_SELECTOR = YES;
				GCC_WARN_UNINITIALIZED_AUTOS = YES_AGGRESSIVE;
				GCC_WARN_UNUSED_FUNCTION = YES;
				GCC_WARN_UNUSED_VARIABLE = YES;
				IPHONEOS_DEPLOYMENT_TARGET = 8.3;
				MTL_ENABLE_DEBUG_INFO = NO;
				SDKROOT = iphoneos;
				VALIDATE_PRODUCT = YES;
			};
			name = Release;
		};
		F482A9631B3D13DE00F20EBF /* Debug */ = {
			isa = XCBuildConfiguration;
			buildSettings = {
				ASSETCATALOG_COMPILER_APPICON_NAME = AppIcon;
				ASSETCATALOG_COMPILER_LAUNCHIMAGE_NAME = LaunchImage;
				INFOPLIST_FILE = "Swift-Joke/Info.plist";
				LD_RUNPATH_SEARCH_PATHS = "$(inherited) @executable_path/Frameworks";
				PRODUCT_NAME = "$(TARGET_NAME)";
			};
			name = Debug;
		};
		F482A9641B3D13DE00F20EBF /* Release */ = {
			isa = XCBuildConfiguration;
			buildSettings = {
				ASSETCATALOG_COMPILER_APPICON_NAME = AppIcon;
				ASSETCATALOG_COMPILER_LAUNCHIMAGE_NAME = LaunchImage;
				INFOPLIST_FILE = "Swift-Joke/Info.plist";
				LD_RUNPATH_SEARCH_PATHS = "$(inherited) @executable_path/Frameworks";
				PRODUCT_NAME = "$(TARGET_NAME)";
			};
			name = Release;
		};
		F482A9661B3D13DE00F20EBF /* Debug */ = {
			isa = XCBuildConfiguration;
			buildSettings = {
				BUNDLE_LOADER = "$(TEST_HOST)";
				FRAMEWORK_SEARCH_PATHS = (
					"$(SDKROOT)/Developer/Library/Frameworks",
					"$(inherited)",
				);
				GCC_PREPROCESSOR_DEFINITIONS = (
					"DEBUG=1",
					"$(inherited)",
				);
				INFOPLIST_FILE = "Swift-JokeTests/Info.plist";
				LD_RUNPATH_SEARCH_PATHS = "$(inherited) @executable_path/Frameworks @loader_path/Frameworks";
				PRODUCT_NAME = "$(TARGET_NAME)";
				TEST_HOST = "$(BUILT_PRODUCTS_DIR)/Swift-Joke.app/Swift-Joke";
			};
			name = Debug;
		};
		F482A9671B3D13DE00F20EBF /* Release */ = {
			isa = XCBuildConfiguration;
			buildSettings = {
				BUNDLE_LOADER = "$(TEST_HOST)";
				FRAMEWORK_SEARCH_PATHS = (
					"$(SDKROOT)/Developer/Library/Frameworks",
					"$(inherited)",
				);
				INFOPLIST_FILE = "Swift-JokeTests/Info.plist";
				LD_RUNPATH_SEARCH_PATHS = "$(inherited) @executable_path/Frameworks @loader_path/Frameworks";
				PRODUCT_NAME = "$(TARGET_NAME)";
				TEST_HOST = "$(BUILT_PRODUCTS_DIR)/Swift-Joke.app/Swift-Joke";
			};
			name = Release;
		};
/* End XCBuildConfiguration section */

/* Begin XCConfigurationList section */
		F482A93E1B3D13DE00F20EBF /* Build configuration list for PBXProject "Swift-Joke" */ = {
			isa = XCConfigurationList;
			buildConfigurations = (
				F482A9601B3D13DE00F20EBF /* Debug */,
				F482A9611B3D13DE00F20EBF /* Release */,
			);
			defaultConfigurationIsVisible = 0;
			defaultConfigurationName = Release;
		};
		F482A9621B3D13DE00F20EBF /* Build configuration list for PBXNativeTarget "Swift-Joke" */ = {
			isa = XCConfigurationList;
			buildConfigurations = (
				F482A9631B3D13DE00F20EBF /* Debug */,
				F482A9641B3D13DE00F20EBF /* Release */,
			);
			defaultConfigurationIsVisible = 0;
			defaultConfigurationName = Release;
		};
		F482A9651B3D13DE00F20EBF /* Build configuration list for PBXNativeTarget "Swift-JokeTests" */ = {
			isa = XCConfigurationList;
			buildConfigurations = (
				F482A9661B3D13DE00F20EBF /* Debug */,
				F482A9671B3D13DE00F20EBF /* Release */,
			);
			defaultConfigurationIsVisible = 0;
			defaultConfigurationName = Release;
		};
/* End XCConfigurationList section */
	};
	rootObject = F482A93B1B3D13DE00F20EBF /* Project object */;
}
